
Microsoft Visual Studio Solution File, Format Version 12.00
# Visual Studio 15
VisualStudioVersion = 15.0.28307.779
MinimumVisualStudioVersion = 10.0.40219.1
Project("{9A19103F-16F7-4668-BE54-9A1E7A4F7556}") = "OnlineShop", "OnlineShop\OnlineShop.csproj", "{59850F32-CC0E-4AF5-9DA9-A459FDA6A128}"
EndProject
Project("{FAE04EC0-301F-11D3-BF4B-00C04F79EFBC}") = "OnlineShop.UnitTest", "OnlineShop.UnitTest\OnlineShop.UnitTest.csproj", "{D29D5D82-13C0-4937-BC96-D348F9996311}"
EndProject
Global
	GlobalSection(SolutionConfigurationPlatforms) = preSolution
		Debug|Any CPU = Debug|Any CPU
		Release|Any CPU = Release|Any CPU
	EndGlobalSection
	GlobalSection(ProjectConfigurationPlatforms) = postSolution
		{59850F32-CC0E-4AF5-9DA9-A459FDA6A128}.Debug|Any CPU.ActiveCfg = Debug|Any CPU
		{59850F32-CC0E-4AF5-9DA9-A459FDA6A128}.Debug|Any CPU.Build.0 = Debug|Any CPU
		{59850F32-CC0E-4AF5-9DA9-A459FDA6A128}.Release|Any CPU.ActiveCfg = Release|Any CPU
		{59850F32-CC0E-4AF5-9DA9-A459FDA6A128}.Release|Any CPU.Build.0 = Release|Any CPU
		{D29D5D82-13C0-4937-BC96-D348F9996311}.Debug|Any CPU.ActiveCfg = Debug|Any CPU
		{D29D5D82-13C0-4937-BC96-D348F9996311}.Debug|Any CPU.Build.0 = Debug|Any CPU
		{D29D5D82-13C0-4937-BC96-D348F9996311}.Release|Any CPU.ActiveCfg = Release|Any CPU
		{D29D5D82-13C0-4937-BC96-D348F9996311}.Release|Any CPU.Build.0 = Release|Any CPU
	EndGlobalSection
	GlobalSection(SolutionProperties) = preSolution
		HideSolutionNode = FALSE
	EndGlobalSection
	GlobalSection(ExtensibilityGlobals) = postSolution
		SolutionGuid = {FB2B399A-7B95-45D2-A1B0-9B913508AC1F}
	EndGlobalSection
EndGlobal
